
Microsoft Visual Studio Solution File, Format Version 12.00
# Visual Studio 15
VisualStudioVersion = 15.0.27004.2002
MinimumVisualStudioVersion = 10.0.40219.1
Project("{9A19103F-16F7-4668-BE54-9A1E7A4F7556}") = "DXE.MarketplaceWebService", "DXE.MarketplaceWebService\DXE.MarketplaceWebService.csproj", "{54AFF077-5772-45C6-A755-8A09F5DBFC86}"
EndProject
Global
	GlobalSection(SolutionConfigurationPlatforms) = preSolution
		Debug|Any CPU = Debug|Any CPU
		Release|Any CPU = Release|Any CPU
	EndGlobalSection
	GlobalSection(ProjectConfigurationPlatforms) = postSolution
		{54AFF077-5772-45C6-A755-8A09F5DBFC86}.Debug|Any CPU.ActiveCfg = Debug|Any CPU
		{54AFF077-5772-45C6-A755-8A09F5DBFC86}.Debug|Any CPU.Build.0 = Debug|Any CPU
		{54AFF077-5772-45C6-A755-8A09F5DBFC86}.Release|Any CPU.ActiveCfg = Release|Any CPU
		{54AFF077-5772-45C6-A755-8A09F5DBFC86}.Release|Any CPU.Build.0 = Release|Any CPU
	EndGlobalSection
	GlobalSection(SolutionProperties) = preSolution
		HideSolutionNode = FALSE
	EndGlobalSection
	GlobalSection(ExtensibilityGlobals) = postSolution
		SolutionGuid = {969037AA-3608-412A-B87C-7C81B0FF747F}
	EndGlobalSection
EndGlobal
